// !$*UTF8*$!
{
	archiveVersion = 1;
	classes = {
	};
	objectVersion = 51;
	objects = {

/* Begin PBXBuildFile section */
		1AF94B40536D2AC7106A0C5F /* Pods_desafio_ios_ruy_neto.framework in Frameworks */ = {isa = PBXBuildFile; fileRef = DABC5282C6F9D4838C561072 /* Pods_desafio_ios_ruy_neto.framework */; };
		660AC8432456F0CD0027569D /* HeroListViewModel.swift in Sources */ = {isa = PBXBuildFile; fileRef = 660AC8422456F0CD0027569D /* HeroListViewModel.swift */; };
		66166D6A2456BC090048E780 /* HeroListViewController.swift in Sources */ = {isa = PBXBuildFile; fileRef = 66166D692456BC090048E780 /* HeroListViewController.swift */; };
		66166D6D2456BF300048E780 /* HeroListView.swift in Sources */ = {isa = PBXBuildFile; fileRef = 66166D6C2456BF300048E780 /* HeroListView.swift */; };
		663F0C7E245B4B5100AC100B /* HeroListCell.swift in Sources */ = {isa = PBXBuildFile; fileRef = 663F0C7D245B4B5100AC100B /* HeroListCell.swift */; };
		663F0C82245BB0DB00AC100B /* HeroListDetailsView.swift in Sources */ = {isa = PBXBuildFile; fileRef = 663F0C81245BB0DB00AC100B /* HeroListDetailsView.swift */; };
		663F0C85245BB10B00AC100B /* BiggerPriceViewController.swift in Sources */ = {isa = PBXBuildFile; fileRef = 663F0C84245BB10B00AC100B /* BiggerPriceViewController.swift */; };
		663F0C87245BB16200AC100B /* BiggerPriceViewModel.swift in Sources */ = {isa = PBXBuildFile; fileRef = 663F0C86245BB16200AC100B /* BiggerPriceViewModel.swift */; };
		663F0C89245BB17E00AC100B /* HeroDetailsView.swift in Sources */ = {isa = PBXBuildFile; fileRef = 663F0C88245BB17E00AC100B /* HeroDetailsView.swift */; };
		663F0C8B245BB63500AC100B /* CharacterDetail.swift in Sources */ = {isa = PBXBuildFile; fileRef = 663F0C8A245BB63500AC100B /* CharacterDetail.swift */; };
		663F0C8E245BB8BD00AC100B /* Router.swift in Sources */ = {isa = PBXBuildFile; fileRef = 663F0C8D245BB8BD00AC100B /* Router.swift */; };
		663F0C91245BE54200AC100B /* HeroDetailsViewController.swift in Sources */ = {isa = PBXBuildFile; fileRef = 663F0C90245BE54200AC100B /* HeroDetailsViewController.swift */; };
		663F0C93245BE57200AC100B /* HeroDetailsViewModel.swift in Sources */ = {isa = PBXBuildFile; fileRef = 663F0C92245BE57200AC100B /* HeroDetailsViewModel.swift */; };
		66854C62245443F400859FC7 /* AppDelegate.swift in Sources */ = {isa = PBXBuildFile; fileRef = 66854C61245443F400859FC7 /* AppDelegate.swift */; };
		66854C64245443F400859FC7 /* SceneDelegate.swift in Sources */ = {isa = PBXBuildFile; fileRef = 66854C63245443F400859FC7 /* SceneDelegate.swift */; };
		66854C66245443F400859FC7 /* ViewController.swift in Sources */ = {isa = PBXBuildFile; fileRef = 66854C65245443F400859FC7 /* ViewController.swift */; };
		66854C69245443F400859FC7 /* Main.storyboard in Resources */ = {isa = PBXBuildFile; fileRef = 66854C67245443F400859FC7 /* Main.storyboard */; };
		66854C6B245443F600859FC7 /* Assets.xcassets in Resources */ = {isa = PBXBuildFile; fileRef = 66854C6A245443F600859FC7 /* Assets.xcassets */; };
		66854C6E245443F600859FC7 /* LaunchScreen.storyboard in Resources */ = {isa = PBXBuildFile; fileRef = 66854C6C245443F600859FC7 /* LaunchScreen.storyboard */; };
		66854C79245443F600859FC7 /* desafio_ios_ruy_netoTests.swift in Sources */ = {isa = PBXBuildFile; fileRef = 66854C78245443F600859FC7 /* desafio_ios_ruy_netoTests.swift */; };
		66854C84245443F600859FC7 /* desafio_ios_ruy_netoUITests.swift in Sources */ = {isa = PBXBuildFile; fileRef = 66854C83245443F600859FC7 /* desafio_ios_ruy_netoUITests.swift */; };
		668D86BD2455667800846DD2 /* HerosApi.swift in Sources */ = {isa = PBXBuildFile; fileRef = 668D86BC2455667800846DD2 /* HerosApi.swift */; };
		668D86C024559B3800846DD2 /* Handlers.swift in Sources */ = {isa = PBXBuildFile; fileRef = 668D86BF24559B3800846DD2 /* Handlers.swift */; };
		668D86C32455A5B100846DD2 /* Hero.swift in Sources */ = {isa = PBXBuildFile; fileRef = 668D86C22455A5B100846DD2 /* Hero.swift */; };
		668D86CE2455A8B800846DD2 /* Results.swift in Sources */ = {isa = PBXBuildFile; fileRef = 668D86C42455A8B700846DD2 /* Results.swift */; };
		668D86CF2455A8B800846DD2 /* Events.swift in Sources */ = {isa = PBXBuildFile; fileRef = 668D86C52455A8B700846DD2 /* Events.swift */; };
		668D86D02455A8B800846DD2 /* Comics.swift in Sources */ = {isa = PBXBuildFile; fileRef = 668D86C62455A8B700846DD2 /* Comics.swift */; };
		668D86D12455A8B800846DD2 /* Stories.swift in Sources */ = {isa = PBXBuildFile; fileRef = 668D86C72455A8B700846DD2 /* Stories.swift */; };
		668D86D22455A8B800846DD2 /* Urls.swift in Sources */ = {isa = PBXBuildFile; fileRef = 668D86C82455A8B700846DD2 /* Urls.swift */; };
		668D86D32455A8B800846DD2 /* Thumbnail.swift in Sources */ = {isa = PBXBuildFile; fileRef = 668D86C92455A8B800846DD2 /* Thumbnail.swift */; };
		668D86D42455A8B800846DD2 /* CharactersResponse.swift in Sources */ = {isa = PBXBuildFile; fileRef = 668D86CA2455A8B800846DD2 /* CharactersResponse.swift */; };
		668D86D52455A8B800846DD2 /* Items.swift in Sources */ = {isa = PBXBuildFile; fileRef = 668D86CB2455A8B800846DD2 /* Items.swift */; };
		668D86D62455A8B800846DD2 /* DataHero.swift in Sources */ = {isa = PBXBuildFile; fileRef = 668D86CC2455A8B800846DD2 /* DataHero.swift */; };
		668D86D72455A8B800846DD2 /* Series.swift in Sources */ = {isa = PBXBuildFile; fileRef = 668D86CD2455A8B800846DD2 /* Series.swift */; };
		7E3B58195AA1C37CACB0E7F6 /* Pods_desafio_ios_ruy_netoTests.framework in Frameworks */ = {isa = PBXBuildFile; fileRef = 892EE17FB7B45042E49E2AD6 /* Pods_desafio_ios_ruy_netoTests.framework */; };
		B406906A4CDEF47FEC7D0E59 /* Pods_desafio_ios_ruy_netoUITests.framework in Frameworks */ = {isa = PBXBuildFile; fileRef = BAAEC806F9E03CEAF8039631 /* Pods_desafio_ios_ruy_netoUITests.framework */; };
/* End PBXBuildFile section */

/* Begin PBXContainerItemProxy section */
		66854C75245443F600859FC7 /* PBXContainerItemProxy */ = {
			isa = PBXContainerItemProxy;
			containerPortal = 66854C56245443F400859FC7 /* Project object */;
			proxyType = 1;
			remoteGlobalIDString = 66854C5D245443F400859FC7;
			remoteInfo = "desafio-ios-ruy-neto";
		};
		66854C80245443F600859FC7 /* PBXContainerItemProxy */ = {
			isa = PBXContainerItemProxy;
			containerPortal = 66854C56245443F400859FC7 /* Project object */;
			proxyType = 1;
			remoteGlobalIDString = 66854C5D245443F400859FC7;
			remoteInfo = "desafio-ios-ruy-neto";
		};
/* End PBXContainerItemProxy section */

/* Begin PBXFileReference section */
		0788DF6928A5F8D5B02E9BDD /* Pods-desafio-ios-ruy-neto.debug.xcconfig */ = {isa = PBXFileReference; includeInIndex = 1; lastKnownFileType = text.xcconfig; name = "Pods-desafio-ios-ruy-neto.debug.xcconfig"; path = "Target Support Files/Pods-desafio-ios-ruy-neto/Pods-desafio-ios-ruy-neto.debug.xcconfig"; sourceTree = "<group>"; };
		457B734B349C0BF7AEB450E0 /* Pods-desafio-ios-ruy-netoUITests.release.xcconfig */ = {isa = PBXFileReference; includeInIndex = 1; lastKnownFileType = text.xcconfig; name = "Pods-desafio-ios-ruy-netoUITests.release.xcconfig"; path = "Target Support Files/Pods-desafio-ios-ruy-netoUITests/Pods-desafio-ios-ruy-netoUITests.release.xcconfig"; sourceTree = "<group>"; };
		660AC8422456F0CD0027569D /* HeroListViewModel.swift */ = {isa = PBXFileReference; lastKnownFileType = sourcecode.swift; path = HeroListViewModel.swift; sourceTree = "<group>"; };
		66166D692456BC090048E780 /* HeroListViewController.swift */ = {isa = PBXFileReference; lastKnownFileType = sourcecode.swift; path = HeroListViewController.swift; sourceTree = "<group>"; };
		66166D6C2456BF300048E780 /* HeroListView.swift */ = {isa = PBXFileReference; lastKnownFileType = sourcecode.swift; path = HeroListView.swift; sourceTree = "<group>"; };
		663F0C7D245B4B5100AC100B /* HeroListCell.swift */ = {isa = PBXFileReference; lastKnownFileType = sourcecode.swift; path = HeroListCell.swift; sourceTree = "<group>"; };
		663F0C81245BB0DB00AC100B /* HeroListDetailsView.swift */ = {isa = PBXFileReference; lastKnownFileType = sourcecode.swift; path = HeroListDetailsView.swift; sourceTree = "<group>"; };
		663F0C84245BB10B00AC100B /* BiggerPriceViewController.swift */ = {isa = PBXFileReference; lastKnownFileType = sourcecode.swift; path = BiggerPriceViewController.swift; sourceTree = "<group>"; };
		663F0C86245BB16200AC100B /* BiggerPriceViewModel.swift */ = {isa = PBXFileReference; lastKnownFileType = sourcecode.swift; path = BiggerPriceViewModel.swift; sourceTree = "<group>"; };
		663F0C88245BB17E00AC100B /* HeroDetailsView.swift */ = {isa = PBXFileReference; lastKnownFileType = sourcecode.swift; path = HeroDetailsView.swift; sourceTree = "<group>"; };
		663F0C8A245BB63500AC100B /* CharacterDetail.swift */ = {isa = PBXFileReference; lastKnownFileType = sourcecode.swift; path = CharacterDetail.swift; sourceTree = "<group>"; };
		663F0C8D245BB8BD00AC100B /* Router.swift */ = {isa = PBXFileReference; lastKnownFileType = sourcecode.swift; path = Router.swift; sourceTree = "<group>"; };
		663F0C90245BE54200AC100B /* HeroDetailsViewController.swift */ = {isa = PBXFileReference; lastKnownFileType = sourcecode.swift; path = HeroDetailsViewController.swift; sourceTree = "<group>"; };
		663F0C92245BE57200AC100B /* HeroDetailsViewModel.swift */ = {isa = PBXFileReference; lastKnownFileType = sourcecode.swift; path = HeroDetailsViewModel.swift; sourceTree = "<group>"; };
		66854C5E245443F400859FC7 /* desafio-ios-ruy-neto.app */ = {isa = PBXFileReference; explicitFileType = wrapper.application; includeInIndex = 0; path = "desafio-ios-ruy-neto.app"; sourceTree = BUILT_PRODUCTS_DIR; };
		66854C61245443F400859FC7 /* AppDelegate.swift */ = {isa = PBXFileReference; lastKnownFileType = sourcecode.swift; path = AppDelegate.swift; sourceTree = "<group>"; };
		66854C63245443F400859FC7 /* SceneDelegate.swift */ = {isa = PBXFileReference; lastKnownFileType = sourcecode.swift; path = SceneDelegate.swift; sourceTree = "<group>"; };
		66854C65245443F400859FC7 /* ViewController.swift */ = {isa = PBXFileReference; lastKnownFileType = sourcecode.swift; path = ViewController.swift; sourceTree = "<group>"; };
		66854C68245443F400859FC7 /* Base */ = {isa = PBXFileReference; lastKnownFileType = file.storyboard; name = Base; path = Base.lproj/Main.storyboard; sourceTree = "<group>"; };
		66854C6A245443F600859FC7 /* Assets.xcassets */ = {isa = PBXFileReference; lastKnownFileType = folder.assetcatalog; path = Assets.xcassets; sourceTree = "<group>"; };
		66854C6D245443F600859FC7 /* Base */ = {isa = PBXFileReference; lastKnownFileType = file.storyboard; name = Base; path = Base.lproj/LaunchScreen.storyboard; sourceTree = "<group>"; };
		66854C6F245443F600859FC7 /* Info.plist */ = {isa = PBXFileReference; lastKnownFileType = text.plist.xml; path = Info.plist; sourceTree = "<group>"; };
		66854C74245443F600859FC7 /* desafio-ios-ruy-netoTests.xctest */ = {isa = PBXFileReference; explicitFileType = wrapper.cfbundle; includeInIndex = 0; path = "desafio-ios-ruy-netoTests.xctest"; sourceTree = BUILT_PRODUCTS_DIR; };
		66854C78245443F600859FC7 /* desafio_ios_ruy_netoTests.swift */ = {isa = PBXFileReference; lastKnownFileType = sourcecode.swift; path = desafio_ios_ruy_netoTests.swift; sourceTree = "<group>"; };
		66854C7A245443F600859FC7 /* Info.plist */ = {isa = PBXFileReference; lastKnownFileType = text.plist.xml; path = Info.plist; sourceTree = "<group>"; };
		66854C7F245443F600859FC7 /* desafio-ios-ruy-netoUITests.xctest */ = {isa = PBXFileReference; explicitFileType = wrapper.cfbundle; includeInIndex = 0; path = "desafio-ios-ruy-netoUITests.xctest"; sourceTree = BUILT_PRODUCTS_DIR; };
		66854C83245443F600859FC7 /* desafio_ios_ruy_netoUITests.swift */ = {isa = PBXFileReference; lastKnownFileType = sourcecode.swift; path = desafio_ios_ruy_netoUITests.swift; sourceTree = "<group>"; };
		66854C85245443F600859FC7 /* Info.plist */ = {isa = PBXFileReference; lastKnownFileType = text.plist.xml; path = Info.plist; sourceTree = "<group>"; };
		668D86BC2455667800846DD2 /* HerosApi.swift */ = {isa = PBXFileReference; lastKnownFileType = sourcecode.swift; path = HerosApi.swift; sourceTree = "<group>"; };
		668D86BF24559B3800846DD2 /* Handlers.swift */ = {isa = PBXFileReference; lastKnownFileType = sourcecode.swift; path = Handlers.swift; sourceTree = "<group>"; };
		668D86C22455A5B100846DD2 /* Hero.swift */ = {isa = PBXFileReference; lastKnownFileType = sourcecode.swift; path = Hero.swift; sourceTree = "<group>"; };
		668D86C42455A8B700846DD2 /* Results.swift */ = {isa = PBXFileReference; fileEncoding = 4; lastKnownFileType = sourcecode.swift; path = Results.swift; sourceTree = "<group>"; };
		668D86C52455A8B700846DD2 /* Events.swift */ = {isa = PBXFileReference; fileEncoding = 4; lastKnownFileType = sourcecode.swift; path = Events.swift; sourceTree = "<group>"; };
		668D86C62455A8B700846DD2 /* Comics.swift */ = {isa = PBXFileReference; fileEncoding = 4; lastKnownFileType = sourcecode.swift; path = Comics.swift; sourceTree = "<group>"; };
		668D86C72455A8B700846DD2 /* Stories.swift */ = {isa = PBXFileReference; fileEncoding = 4; lastKnownFileType = sourcecode.swift; path = Stories.swift; sourceTree = "<group>"; };
		668D86C82455A8B700846DD2 /* Urls.swift */ = {isa = PBXFileReference; fileEncoding = 4; lastKnownFileType = sourcecode.swift; path = Urls.swift; sourceTree = "<group>"; };
		668D86C92455A8B800846DD2 /* Thumbnail.swift */ = {isa = PBXFileReference; fileEncoding = 4; lastKnownFileType = sourcecode.swift; path = Thumbnail.swift; sourceTree = "<group>"; };
		668D86CA2455A8B800846DD2 /* CharactersResponse.swift */ = {isa = PBXFileReference; fileEncoding = 4; lastKnownFileType = sourcecode.swift; path = CharactersResponse.swift; sourceTree = "<group>"; };
		668D86CB2455A8B800846DD2 /* Items.swift */ = {isa = PBXFileReference; fileEncoding = 4; lastKnownFileType = sourcecode.swift; path = Items.swift; sourceTree = "<group>"; };
		668D86CC2455A8B800846DD2 /* DataHero.swift */ = {isa = PBXFileReference; fileEncoding = 4; lastKnownFileType = sourcecode.swift; path = DataHero.swift; sourceTree = "<group>"; };
		668D86CD2455A8B800846DD2 /* Series.swift */ = {isa = PBXFileReference; fileEncoding = 4; lastKnownFileType = sourcecode.swift; path = Series.swift; sourceTree = "<group>"; };
		74B97D7C7ABC9145370BB13E /* Pods-desafio-ios-ruy-netoTests.release.xcconfig */ = {isa = PBXFileReference; includeInIndex = 1; lastKnownFileType = text.xcconfig; name = "Pods-desafio-ios-ruy-netoTests.release.xcconfig"; path = "Target Support Files/Pods-desafio-ios-ruy-netoTests/Pods-desafio-ios-ruy-netoTests.release.xcconfig"; sourceTree = "<group>"; };
		892EE17FB7B45042E49E2AD6 /* Pods_desafio_ios_ruy_netoTests.framework */ = {isa = PBXFileReference; explicitFileType = wrapper.framework; includeInIndex = 0; path = Pods_desafio_ios_ruy_netoTests.framework; sourceTree = BUILT_PRODUCTS_DIR; };
		A721FB022CFEFF1EA92BFD52 /* Pods-desafio-ios-ruy-neto.release.xcconfig */ = {isa = PBXFileReference; includeInIndex = 1; lastKnownFileType = text.xcconfig; name = "Pods-desafio-ios-ruy-neto.release.xcconfig"; path = "Target Support Files/Pods-desafio-ios-ruy-neto/Pods-desafio-ios-ruy-neto.release.xcconfig"; sourceTree = "<group>"; };
		BAAEC806F9E03CEAF8039631 /* Pods_desafio_ios_ruy_netoUITests.framework */ = {isa = PBXFileReference; explicitFileType = wrapper.framework; includeInIndex = 0; path = Pods_desafio_ios_ruy_netoUITests.framework; sourceTree = BUILT_PRODUCTS_DIR; };
		C0DA51E5857E986029824603 /* Pods-desafio-ios-ruy-netoTests.debug.xcconfig */ = {isa = PBXFileReference; includeInIndex = 1; lastKnownFileType = text.xcconfig; name = "Pods-desafio-ios-ruy-netoTests.debug.xcconfig"; path = "Target Support Files/Pods-desafio-ios-ruy-netoTests/Pods-desafio-ios-ruy-netoTests.debug.xcconfig"; sourceTree = "<group>"; };
		D880185B746FBEB9AF6BE8CE /* Pods-desafio-ios-ruy-netoUITests.debug.xcconfig */ = {isa = PBXFileReference; includeInIndex = 1; lastKnownFileType = text.xcconfig; name = "Pods-desafio-ios-ruy-netoUITests.debug.xcconfig"; path = "Target Support Files/Pods-desafio-ios-ruy-netoUITests/Pods-desafio-ios-ruy-netoUITests.debug.xcconfig"; sourceTree = "<group>"; };
		DABC5282C6F9D4838C561072 /* Pods_desafio_ios_ruy_neto.framework */ = {isa = PBXFileReference; explicitFileType = wrapper.framework; includeInIndex = 0; path = Pods_desafio_ios_ruy_neto.framework; sourceTree = BUILT_PRODUCTS_DIR; };
/* End PBXFileReference section */

/* Begin PBXFrameworksBuildPhase section */
		66854C5B245443F400859FC7 /* Frameworks */ = {
			isa = PBXFrameworksBuildPhase;
			buildActionMask = 2147483647;
			files = (
				1AF94B40536D2AC7106A0C5F /* Pods_desafio_ios_ruy_neto.framework in Frameworks */,
			);
			runOnlyForDeploymentPostprocessing = 0;
		};
		66854C71245443F600859FC7 /* Frameworks */ = {
			isa = PBXFrameworksBuildPhase;
			buildActionMask = 2147483647;
			files = (
				7E3B58195AA1C37CACB0E7F6 /* Pods_desafio_ios_ruy_netoTests.framework in Frameworks */,
			);
			runOnlyForDeploymentPostprocessing = 0;
		};
		66854C7C245443F600859FC7 /* Frameworks */ = {
			isa = PBXFrameworksBuildPhase;
			buildActionMask = 2147483647;
			files = (
				B406906A4CDEF47FEC7D0E59 /* Pods_desafio_ios_ruy_netoUITests.framework in Frameworks */,
			);
			runOnlyForDeploymentPostprocessing = 0;
		};
/* End PBXFrameworksBuildPhase section */

/* Begin PBXGroup section */
		131623BBD605F2C45C622CA4 /* Pods */ = {
			isa = PBXGroup;
			children = (
				0788DF6928A5F8D5B02E9BDD /* Pods-desafio-ios-ruy-neto.debug.xcconfig */,
				A721FB022CFEFF1EA92BFD52 /* Pods-desafio-ios-ruy-neto.release.xcconfig */,
				C0DA51E5857E986029824603 /* Pods-desafio-ios-ruy-netoTests.debug.xcconfig */,
				74B97D7C7ABC9145370BB13E /* Pods-desafio-ios-ruy-netoTests.release.xcconfig */,
				D880185B746FBEB9AF6BE8CE /* Pods-desafio-ios-ruy-netoUITests.debug.xcconfig */,
				457B734B349C0BF7AEB450E0 /* Pods-desafio-ios-ruy-netoUITests.release.xcconfig */,
			);
			path = Pods;
			sourceTree = "<group>";
		};
		66166D672456BB7E0048E780 /* VM+Controller */ = {
			isa = PBXGroup;
			children = (
				663F0C8F245BE52A00AC100B /* BiggerPrice */,
				663F0C83245BB0F200AC100B /* HeroDetails */,
				66166D682456BBC50048E780 /* HeroList */,
			);
			path = "VM+Controller";
			sourceTree = "<group>";
		};
		66166D682456BBC50048E780 /* HeroList */ = {
			isa = PBXGroup;
			children = (
				66166D692456BC090048E780 /* HeroListViewController.swift */,
				660AC8422456F0CD0027569D /* HeroListViewModel.swift */,
				663F0C7D245B4B5100AC100B /* HeroListCell.swift */,
			);
			path = HeroList;
			sourceTree = "<group>";
		};
		66166D6B2456BF140048E780 /* View */ = {
			isa = PBXGroup;
			children = (
				66166D6C2456BF300048E780 /* HeroListView.swift */,
				663F0C81245BB0DB00AC100B /* HeroListDetailsView.swift */,
				663F0C88245BB17E00AC100B /* HeroDetailsView.swift */,
			);
			path = View;
			sourceTree = "<group>";
		};
		663F0C83245BB0F200AC100B /* HeroDetails */ = {
			isa = PBXGroup;
			children = (
				663F0C90245BE54200AC100B /* HeroDetailsViewController.swift */,
				663F0C92245BE57200AC100B /* HeroDetailsViewModel.swift */,
			);
			path = HeroDetails;
			sourceTree = "<group>";
		};
		663F0C8C245BB8B300AC100B /* Router */ = {
			isa = PBXGroup;
			children = (
				663F0C8D245BB8BD00AC100B /* Router.swift */,
			);
			path = Router;
			sourceTree = "<group>";
		};
		663F0C8F245BE52A00AC100B /* BiggerPrice */ = {
			isa = PBXGroup;
			children = (
				663F0C84245BB10B00AC100B /* BiggerPriceViewController.swift */,
				663F0C86245BB16200AC100B /* BiggerPriceViewModel.swift */,
			);
			path = BiggerPrice;
			sourceTree = "<group>";
		};
		66854C55245443F400859FC7 = {
			isa = PBXGroup;
			children = (
				66854C60245443F400859FC7 /* desafio-ios-ruy-neto */,
				66854C77245443F600859FC7 /* desafio-ios-ruy-netoTests */,
				66854C82245443F600859FC7 /* desafio-ios-ruy-netoUITests */,
				66854C5F245443F400859FC7 /* Products */,
				131623BBD605F2C45C622CA4 /* Pods */,
				EB200BF20F5F92FDB0B794C5 /* Frameworks */,
			);
			sourceTree = "<group>";
		};
		66854C5F245443F400859FC7 /* Products */ = {
			isa = PBXGroup;
			children = (
				66854C5E245443F400859FC7 /* desafio-ios-ruy-neto.app */,
				66854C74245443F600859FC7 /* desafio-ios-ruy-netoTests.xctest */,
				66854C7F245443F600859FC7 /* desafio-ios-ruy-netoUITests.xctest */,
			);
			name = Products;
			sourceTree = "<group>";
		};
		66854C60245443F400859FC7 /* desafio-ios-ruy-neto */ = {
			isa = PBXGroup;
			children = (
				663F0C8C245BB8B300AC100B /* Router */,
				66166D6B2456BF140048E780 /* View */,
				66166D672456BB7E0048E780 /* VM+Controller */,
				668D86C12455A4F400846DD2 /* Model */,
				668D86BE24559B2000846DD2 /* Handlers */,
				66854C61245443F400859FC7 /* AppDelegate.swift */,
				66854C63245443F400859FC7 /* SceneDelegate.swift */,
				66854C65245443F400859FC7 /* ViewController.swift */,
				66854C67245443F400859FC7 /* Main.storyboard */,
				66854C6A245443F600859FC7 /* Assets.xcassets */,
				66854C6C245443F600859FC7 /* LaunchScreen.storyboard */,
				66854C6F245443F600859FC7 /* Info.plist */,
				668D86BC2455667800846DD2 /* HerosApi.swift */,
			);
			path = "desafio-ios-ruy-neto";
			sourceTree = "<group>";
		};
		66854C77245443F600859FC7 /* desafio-ios-ruy-netoTests */ = {
			isa = PBXGroup;
			children = (
				66854C78245443F600859FC7 /* desafio_ios_ruy_netoTests.swift */,
				66854C7A245443F600859FC7 /* Info.plist */,
			);
			path = "desafio-ios-ruy-netoTests";
			sourceTree = "<group>";
		};
		66854C82245443F600859FC7 /* desafio-ios-ruy-netoUITests */ = {
			isa = PBXGroup;
			children = (
				66854C83245443F600859FC7 /* desafio_ios_ruy_netoUITests.swift */,
				66854C85245443F600859FC7 /* Info.plist */,
			);
			path = "desafio-ios-ruy-netoUITests";
			sourceTree = "<group>";
		};
		668D86BE24559B2000846DD2 /* Handlers */ = {
			isa = PBXGroup;
			children = (
				668D86BF24559B3800846DD2 /* Handlers.swift */,
			);
			path = Handlers;
			sourceTree = "<group>";
		};
		668D86C12455A4F400846DD2 /* Model */ = {
			isa = PBXGroup;
			children = (
				668D86C62455A8B700846DD2 /* Comics.swift */,
				668D86CC2455A8B800846DD2 /* DataHero.swift */,
				668D86C52455A8B700846DD2 /* Events.swift */,
				668D86CB2455A8B800846DD2 /* Items.swift */,
				668D86CA2455A8B800846DD2 /* CharactersResponse.swift */,
				668D86C42455A8B700846DD2 /* Results.swift */,
				668D86CD2455A8B800846DD2 /* Series.swift */,
				668D86C72455A8B700846DD2 /* Stories.swift */,
				668D86C92455A8B800846DD2 /* Thumbnail.swift */,
				668D86C82455A8B700846DD2 /* Urls.swift */,
				668D86C22455A5B100846DD2 /* Hero.swift */,
				663F0C8A245BB63500AC100B /* CharacterDetail.swift */,
			);
			path = Model;
			sourceTree = "<group>";
		};
		EB200BF20F5F92FDB0B794C5 /* Frameworks */ = {
			isa = PBXGroup;
			children = (
				DABC5282C6F9D4838C561072 /* Pods_desafio_ios_ruy_neto.framework */,
				892EE17FB7B45042E49E2AD6 /* Pods_desafio_ios_ruy_netoTests.framework */,
				BAAEC806F9E03CEAF8039631 /* Pods_desafio_ios_ruy_netoUITests.framework */,
			);
			name = Frameworks;
			sourceTree = "<group>";
		};
/* End PBXGroup section */

/* Begin PBXNativeTarget section */
		66854C5D245443F400859FC7 /* desafio-ios-ruy-neto */ = {
			isa = PBXNativeTarget;
			buildConfigurationList = 66854C88245443F600859FC7 /* Build configuration list for PBXNativeTarget "desafio-ios-ruy-neto" */;
			buildPhases = (
				A6778C3836058F159E479408 /* [CP] Check Pods Manifest.lock */,
				66854C5A245443F400859FC7 /* Sources */,
				66854C5B245443F400859FC7 /* Frameworks */,
				66854C5C245443F400859FC7 /* Resources */,
				2A2253A7F24132F6372655C2 /* [CP] Embed Pods Frameworks */,
			);
			buildRules = (
			);
			dependencies = (
			);
			name = "desafio-ios-ruy-neto";
			productName = "desafio-ios-ruy-neto";
			productReference = 66854C5E245443F400859FC7 /* desafio-ios-ruy-neto.app */;
			productType = "com.apple.product-type.application";
		};
		66854C73245443F600859FC7 /* desafio-ios-ruy-netoTests */ = {
			isa = PBXNativeTarget;
			buildConfigurationList = 66854C8B245443F600859FC7 /* Build configuration list for PBXNativeTarget "desafio-ios-ruy-netoTests" */;
			buildPhases = (
				34E885ACCFEA36FE47FE0556 /* [CP] Check Pods Manifest.lock */,
				66854C70245443F600859FC7 /* Sources */,
				66854C71245443F600859FC7 /* Frameworks */,
				66854C72245443F600859FC7 /* Resources */,
			);
			buildRules = (
			);
			dependencies = (
				66854C76245443F600859FC7 /* PBXTargetDependency */,
			);
			name = "desafio-ios-ruy-netoTests";
			productName = "desafio-ios-ruy-netoTests";
			productReference = 66854C74245443F600859FC7 /* desafio-ios-ruy-netoTests.xctest */;
			productType = "com.apple.product-type.bundle.unit-test";
		};
		66854C7E245443F600859FC7 /* desafio-ios-ruy-netoUITests */ = {
			isa = PBXNativeTarget;
			buildConfigurationList = 66854C8E245443F600859FC7 /* Build configuration list for PBXNativeTarget "desafio-ios-ruy-netoUITests" */;
			buildPhases = (
				3882087A6B8D8EC63BB63B39 /* [CP] Check Pods Manifest.lock */,
				66854C7B245443F600859FC7 /* Sources */,
				66854C7C245443F600859FC7 /* Frameworks */,
				66854C7D245443F600859FC7 /* Resources */,
			);
			buildRules = (
			);
			dependencies = (
				66854C81245443F600859FC7 /* PBXTargetDependency */,
			);
			name = "desafio-ios-ruy-netoUITests";
			productName = "desafio-ios-ruy-netoUITests";
			productReference = 66854C7F245443F600859FC7 /* desafio-ios-ruy-netoUITests.xctest */;
			productType = "com.apple.product-type.bundle.ui-testing";
		};
/* End PBXNativeTarget section */

/* Begin PBXProject section */
		66854C56245443F400859FC7 /* Project object */ = {
			isa = PBXProject;
			attributes = {
				LastSwiftUpdateCheck = 1130;
				LastUpgradeCheck = 1130;
				ORGANIZATIONNAME = "Ruy Neto";
				TargetAttributes = {
					66854C5D245443F400859FC7 = {
						CreatedOnToolsVersion = 11.3.1;
					};
					66854C73245443F600859FC7 = {
						CreatedOnToolsVersion = 11.3.1;
						TestTargetID = 66854C5D245443F400859FC7;
					};
					66854C7E245443F600859FC7 = {
						CreatedOnToolsVersion = 11.3.1;
						TestTargetID = 66854C5D245443F400859FC7;
					};
				};
			};
			buildConfigurationList = 66854C59245443F400859FC7 /* Build configuration list for PBXProject "desafio-ios-ruy-neto" */;
			compatibilityVersion = "Xcode 9.3";
			developmentRegion = en;
			hasScannedForEncodings = 0;
			knownRegions = (
				en,
				Base,
			);
			mainGroup = 66854C55245443F400859FC7;
			productRefGroup = 66854C5F245443F400859FC7 /* Products */;
			projectDirPath = "";
			projectRoot = "";
			targets = (
				66854C5D245443F400859FC7 /* desafio-ios-ruy-neto */,
				66854C73245443F600859FC7 /* desafio-ios-ruy-netoTests */,
				66854C7E245443F600859FC7 /* desafio-ios-ruy-netoUITests */,
			);
		};
/* End PBXProject section */

/* Begin PBXResourcesBuildPhase section */
		66854C5C245443F400859FC7 /* Resources */ = {
			isa = PBXResourcesBuildPhase;
			buildActionMask = 2147483647;
			files = (
				66854C6E245443F600859FC7 /* LaunchScreen.storyboard in Resources */,
				66854C6B245443F600859FC7 /* Assets.xcassets in Resources */,
				66854C69245443F400859FC7 /* Main.storyboard in Resources */,
			);
			runOnlyForDeploymentPostprocessing = 0;
		};
		66854C72245443F600859FC7 /* Resources */ = {
			isa = PBXResourcesBuildPhase;
			buildActionMask = 2147483647;
			files = (
			);
			runOnlyForDeploymentPostprocessing = 0;
		};
		66854C7D245443F600859FC7 /* Resources */ = {
			isa = PBXResourcesBuildPhase;
			buildActionMask = 2147483647;
			files = (
			);
			runOnlyForDeploymentPostprocessing = 0;
		};
/* End PBXResourcesBuildPhase section */

/* Begin PBXShellScriptBuildPhase section */
		2A2253A7F24132F6372655C2 /* [CP] Embed Pods Frameworks */ = {
			isa = PBXShellScriptBuildPhase;
			buildActionMask = 2147483647;
			files = (
			);
			inputFileListPaths = (
				"${PODS_ROOT}/Target Support Files/Pods-desafio-ios-ruy-neto/Pods-desafio-ios-ruy-neto-frameworks-${CONFIGURATION}-input-files.xcfilelist",
			);
			name = "[CP] Embed Pods Frameworks";
			outputFileListPaths = (
				"${PODS_ROOT}/Target Support Files/Pods-desafio-ios-ruy-neto/Pods-desafio-ios-ruy-neto-frameworks-${CONFIGURATION}-output-files.xcfilelist",
			);
			runOnlyForDeploymentPostprocessing = 0;
			shellPath = /bin/sh;
			shellScript = "\"${PODS_ROOT}/Target Support Files/Pods-desafio-ios-ruy-neto/Pods-desafio-ios-ruy-neto-frameworks.sh\"\n";
			showEnvVarsInLog = 0;
		};
		34E885ACCFEA36FE47FE0556 /* [CP] Check Pods Manifest.lock */ = {
			isa = PBXShellScriptBuildPhase;
			buildActionMask = 2147483647;
			files = (
			);
			inputFileListPaths = (
			);
			inputPaths = (
				"${PODS_PODFILE_DIR_PATH}/Podfile.lock",
				"${PODS_ROOT}/Manifest.lock",
			);
			name = "[CP] Check Pods Manifest.lock";
			outputFileListPaths = (
			);
			outputPaths = (
				"$(DERIVED_FILE_DIR)/Pods-desafio-ios-ruy-netoTests-checkManifestLockResult.txt",
			);
			runOnlyForDeploymentPostprocessing = 0;
			shellPath = /bin/sh;
			shellScript = "diff \"${PODS_PODFILE_DIR_PATH}/Podfile.lock\" \"${PODS_ROOT}/Manifest.lock\" > /dev/null\nif [ $? != 0 ] ; then\n    # print error to STDERR\n    echo \"error: The sandbox is not in sync with the Podfile.lock. Run 'pod install' or update your CocoaPods installation.\" >&2\n    exit 1\nfi\n# This output is used by Xcode 'outputs' to avoid re-running this script phase.\necho \"SUCCESS\" > \"${SCRIPT_OUTPUT_FILE_0}\"\n";
			showEnvVarsInLog = 0;
		};
		3882087A6B8D8EC63BB63B39 /* [CP] Check Pods Manifest.lock */ = {
			isa = PBXShellScriptBuildPhase;
			buildActionMask = 2147483647;
			files = (
			);
			inputFileListPaths = (
			);
			inputPaths = (
				"${PODS_PODFILE_DIR_PATH}/Podfile.lock",
				"${PODS_ROOT}/Manifest.lock",
			);
			name = "[CP] Check Pods Manifest.lock";
			outputFileListPaths = (
			);
			outputPaths = (
				"$(DERIVED_FILE_DIR)/Pods-desafio-ios-ruy-netoUITests-checkManifestLockResult.txt",
			);
			runOnlyForDeploymentPostprocessing = 0;
			shellPath = /bin/sh;
			shellScript = "diff \"${PODS_PODFILE_DIR_PATH}/Podfile.lock\" \"${PODS_ROOT}/Manifest.lock\" > /dev/null\nif [ $? != 0 ] ; then\n    # print error to STDERR\n    echo \"error: The sandbox is not in sync with the Podfile.lock. Run 'pod install' or update your CocoaPods installation.\" >&2\n    exit 1\nfi\n# This output is used by Xcode 'outputs' to avoid re-running this script phase.\necho \"SUCCESS\" > \"${SCRIPT_OUTPUT_FILE_0}\"\n";
			showEnvVarsInLog = 0;
		};
		A6778C3836058F159E479408 /* [CP] Check Pods Manifest.lock */ = {
			isa = PBXShellScriptBuildPhase;
			buildActionMask = 2147483647;
			files = (
			);
			inputFileListPaths = (
			);
			inputPaths = (
				"${PODS_PODFILE_DIR_PATH}/Podfile.lock",
				"${PODS_ROOT}/Manifest.lock",
			);
			name = "[CP] Check Pods Manifest.lock";
			outputFileListPaths = (
			);
			outputPaths = (
				"$(DERIVED_FILE_DIR)/Pods-desafio-ios-ruy-neto-checkManifestLockResult.txt",
			);
			runOnlyForDeploymentPostprocessing = 0;
			shellPath = /bin/sh;
			shellScript = "diff \"${PODS_PODFILE_DIR_PATH}/Podfile.lock\" \"${PODS_ROOT}/Manifest.lock\" > /dev/null\nif [ $? != 0 ] ; then\n    # print error to STDERR\n    echo \"error: The sandbox is not in sync with the Podfile.lock. Run 'pod install' or update your CocoaPods installation.\" >&2\n    exit 1\nfi\n# This output is used by Xcode 'outputs' to avoid re-running this script phase.\necho \"SUCCESS\" > \"${SCRIPT_OUTPUT_FILE_0}\"\n";
			showEnvVarsInLog = 0;
		};
/* End PBXShellScriptBuildPhase section */

/* Begin PBXSourcesBuildPhase section */
		66854C5A245443F400859FC7 /* Sources */ = {
			isa = PBXSourcesBuildPhase;
			buildActionMask = 2147483647;
			files = (
				663F0C87245BB16200AC100B /* BiggerPriceViewModel.swift in Sources */,
				668D86BD2455667800846DD2 /* HerosApi.swift in Sources */,
				668D86D62455A8B800846DD2 /* DataHero.swift in Sources */,
				668D86D72455A8B800846DD2 /* Series.swift in Sources */,
				663F0C7E245B4B5100AC100B /* HeroListCell.swift in Sources */,
				668D86C024559B3800846DD2 /* Handlers.swift in Sources */,
				668D86D32455A8B800846DD2 /* Thumbnail.swift in Sources */,
				66854C66245443F400859FC7 /* ViewController.swift in Sources */,
				668D86D52455A8B800846DD2 /* Items.swift in Sources */,
				668D86D12455A8B800846DD2 /* Stories.swift in Sources */,
				668D86D22455A8B800846DD2 /* Urls.swift in Sources */,
				668D86CE2455A8B800846DD2 /* Results.swift in Sources */,
				663F0C8E245BB8BD00AC100B /* Router.swift in Sources */,
				668D86D42455A8B800846DD2 /* CharactersResponse.swift in Sources */,
				66166D6A2456BC090048E780 /* HeroListViewController.swift in Sources */,
				668D86CF2455A8B800846DD2 /* Events.swift in Sources */,
				66854C62245443F400859FC7 /* AppDelegate.swift in Sources */,
				663F0C85245BB10B00AC100B /* BiggerPriceViewController.swift in Sources */,
				66166D6D2456BF300048E780 /* HeroListView.swift in Sources */,
				66854C64245443F400859FC7 /* SceneDelegate.swift in Sources */,
				663F0C91245BE54200AC100B /* HeroDetailsViewController.swift in Sources */,
				663F0C93245BE57200AC100B /* HeroDetailsViewModel.swift in Sources */,
				668D86C32455A5B100846DD2 /* Hero.swift in Sources */,
				668D86D02455A8B800846DD2 /* Comics.swift in Sources */,
				663F0C82245BB0DB00AC100B /* HeroListDetailsView.swift in Sources */,
				663F0C8B245BB63500AC100B /* CharacterDetail.swift in Sources */,
				660AC8432456F0CD0027569D /* HeroListViewModel.swift in Sources */,
				663F0C89245BB17E00AC100B /* HeroDetailsView.swift in Sources */,
			);
			runOnlyForDeploymentPostprocessing = 0;
		};
		66854C70245443F600859FC7 /* Sources */ = {
			isa = PBXSourcesBuildPhase;
			buildActionMask = 2147483647;
			files = (
				66854C79245443F600859FC7 /* desafio_ios_ruy_netoTests.swift in Sources */,
			);
			runOnlyForDeploymentPostprocessing = 0;
		};
		66854C7B245443F600859FC7 /* Sources */ = {
			isa = PBXSourcesBuildPhase;
			buildActionMask = 2147483647;
			files = (
				66854C84245443F600859FC7 /* desafio_ios_ruy_netoUITests.swift in Sources */,
			);
			runOnlyForDeploymentPostprocessing = 0;
		};
/* End PBXSourcesBuildPhase section */

/* Begin PBXTargetDependency section */
		66854C76245443F600859FC7 /* PBXTargetDependency */ = {
			isa = PBXTargetDependency;
			target = 66854C5D245443F400859FC7 /* desafio-ios-ruy-neto */;
			targetProxy = 66854C75245443F600859FC7 /* PBXContainerItemProxy */;
		};
		66854C81245443F600859FC7 /* PBXTargetDependency */ = {
			isa = PBXTargetDependency;
			target = 66854C5D245443F400859FC7 /* desafio-ios-ruy-neto */;
			targetProxy = 66854C80245443F600859FC7 /* PBXContainerItemProxy */;
		};
/* End PBXTargetDependency section */

/* Begin PBXVariantGroup section */
		66854C67245443F400859FC7 /* Main.storyboard */ = {
			isa = PBXVariantGroup;
			children = (
				66854C68245443F400859FC7 /* Base */,
			);
			name = Main.storyboard;
			sourceTree = "<group>";
		};
		66854C6C245443F600859FC7 /* LaunchScreen.storyboard */ = {
			isa = PBXVariantGroup;
			children = (
				66854C6D245443F600859FC7 /* Base */,
			);
			name = LaunchScreen.storyboard;
			sourceTree = "<group>";
		};
/* End PBXVariantGroup section */

/* Begin XCBuildConfiguration section */
		66854C86245443F600859FC7 /* Debug */ = {
			isa = XCBuildConfiguration;
			buildSettings = {
				ALWAYS_SEARCH_USER_PATHS = NO;
				CLANG_ANALYZER_NONNULL = YES;
				CLANG_ANALYZER_NUMBER_OBJECT_CONVERSION = YES_AGGRESSIVE;
				CLANG_CXX_LANGUAGE_STANDARD = "gnu++14";
				CLANG_CXX_LIBRARY = "libc++";
				CLANG_ENABLE_MODULES = YES;
				CLANG_ENABLE_OBJC_ARC = YES;
				CLANG_ENABLE_OBJC_WEAK = YES;
				CLANG_WARN_BLOCK_CAPTURE_AUTORELEASING = YES;
				CLANG_WARN_BOOL_CONVERSION = YES;
				CLANG_WARN_COMMA = YES;
				CLANG_WARN_CONSTANT_CONVERSION = YES;
				CLANG_WARN_DEPRECATED_OBJC_IMPLEMENTATIONS = YES;
				CLANG_WARN_DIRECT_OBJC_ISA_USAGE = YES_ERROR;
				CLANG_WARN_DOCUMENTATION_COMMENTS = YES;
				CLANG_WARN_EMPTY_BODY = YES;
				CLANG_WARN_ENUM_CONVERSION = YES;
				CLANG_WARN_INFINITE_RECURSION = YES;
				CLANG_WARN_INT_CONVERSION = YES;
				CLANG_WARN_NON_LITERAL_NULL_CONVERSION = YES;
				CLANG_WARN_OBJC_IMPLICIT_RETAIN_SELF = YES;
				CLANG_WARN_OBJC_LITERAL_CONVERSION = YES;
				CLANG_WARN_OBJC_ROOT_CLASS = YES_ERROR;
				CLANG_WARN_RANGE_LOOP_ANALYSIS = YES;
				CLANG_WARN_STRICT_PROTOTYPES = YES;
				CLANG_WARN_SUSPICIOUS_MOVE = YES;
				CLANG_WARN_UNGUARDED_AVAILABILITY = YES_AGGRESSIVE;
				CLANG_WARN_UNREACHABLE_CODE = YES;
				CLANG_WARN__DUPLICATE_METHOD_MATCH = YES;
				COPY_PHASE_STRIP = NO;
				DEBUG_INFORMATION_FORMAT = dwarf;
				ENABLE_STRICT_OBJC_MSGSEND = YES;
				ENABLE_TESTABILITY = YES;
				GCC_C_LANGUAGE_STANDARD = gnu11;
				GCC_DYNAMIC_NO_PIC = NO;
				GCC_NO_COMMON_BLOCKS = YES;
				GCC_OPTIMIZATION_LEVEL = 0;
				GCC_PREPROCESSOR_DEFINITIONS = (
					"DEBUG=1",
					"$(inherited)",
				);
				GCC_WARN_64_TO_32_BIT_CONVERSION = YES;
				GCC_WARN_ABOUT_RETURN_TYPE = YES_ERROR;
				GCC_WARN_UNDECLARED_SELECTOR = YES;
				GCC_WARN_UNINITIALIZED_AUTOS = YES_AGGRESSIVE;
				GCC_WARN_UNUSED_FUNCTION = YES;
				GCC_WARN_UNUSED_VARIABLE = YES;
				IPHONEOS_DEPLOYMENT_TARGET = 13.2;
				MTL_ENABLE_DEBUG_INFO = INCLUDE_SOURCE;
				MTL_FAST_MATH = YES;
				ONLY_ACTIVE_ARCH = YES;
				SDKROOT = iphoneos;
				SWIFT_ACTIVE_COMPILATION_CONDITIONS = DEBUG;
				SWIFT_OPTIMIZATION_LEVEL = "-Onone";
			};
			name = Debug;
		};
		66854C87245443F600859FC7 /* Release */ = {
			isa = XCBuildConfiguration;
			buildSettings = {
				ALWAYS_SEARCH_USER_PATHS = NO;
				CLANG_ANALYZER_NONNULL = YES;
				CLANG_ANALYZER_NUMBER_OBJECT_CONVERSION = YES_AGGRESSIVE;
				CLANG_CXX_LANGUAGE_STANDARD = "gnu++14";
				CLANG_CXX_LIBRARY = "libc++";
				CLANG_ENABLE_MODULES = YES;
				CLANG_ENABLE_OBJC_ARC = YES;
				CLANG_ENABLE_OBJC_WEAK = YES;
				CLANG_WARN_BLOCK_CAPTURE_AUTORELEASING = YES;
				CLANG_WARN_BOOL_CONVERSION = YES;
				CLANG_WARN_COMMA = YES;
				CLANG_WARN_CONSTANT_CONVERSION = YES;
				CLANG_WARN_DEPRECATED_OBJC_IMPLEMENTATIONS = YES;
				CLANG_WARN_DIRECT_OBJC_ISA_USAGE = YES_ERROR;
				CLANG_WARN_DOCUMENTATION_COMMENTS = YES;
				CLANG_WARN_EMPTY_BODY = YES;
				CLANG_WARN_ENUM_CONVERSION = YES;
				CLANG_WARN_INFINITE_RECURSION = YES;
				CLANG_WARN_INT_CONVERSION = YES;
				CLANG_WARN_NON_LITERAL_NULL_CONVERSION = YES;
				CLANG_WARN_OBJC_IMPLICIT_RETAIN_SELF = YES;
				CLANG_WARN_OBJC_LITERAL_CONVERSION = YES;
				CLANG_WARN_OBJC_ROOT_CLASS = YES_ERROR;
				CLANG_WARN_RANGE_LOOP_ANALYSIS = YES;
				CLANG_WARN_STRICT_PROTOTYPES = YES;
				CLANG_WARN_SUSPICIOUS_MOVE = YES;
				CLANG_WARN_UNGUARDED_AVAILABILITY = YES_AGGRESSIVE;
				CLANG_WARN_UNREACHABLE_CODE = YES;
				CLANG_WARN__DUPLICATE_METHOD_MATCH = YES;
				COPY_PHASE_STRIP = NO;
				DEBUG_INFORMATION_FORMAT = "dwarf-with-dsym";
				ENABLE_NS_ASSERTIONS = NO;
				ENABLE_STRICT_OBJC_MSGSEND = YES;
				GCC_C_LANGUAGE_STANDARD = gnu11;
				GCC_NO_COMMON_BLOCKS = YES;
				GCC_WARN_64_TO_32_BIT_CONVERSION = YES;
				GCC_WARN_ABOUT_RETURN_TYPE = YES_ERROR;
				GCC_WARN_UNDECLARED_SELECTOR = YES;
				GCC_WARN_UNINITIALIZED_AUTOS = YES_AGGRESSIVE;
				GCC_WARN_UNUSED_FUNCTION = YES;
				GCC_WARN_UNUSED_VARIABLE = YES;
				IPHONEOS_DEPLOYMENT_TARGET = 13.2;
				MTL_ENABLE_DEBUG_INFO = NO;
				MTL_FAST_MATH = YES;
				SDKROOT = iphoneos;
				SWIFT_COMPILATION_MODE = wholemodule;
				SWIFT_OPTIMIZATION_LEVEL = "-O";
				VALIDATE_PRODUCT = YES;
			};
			name = Release;
		};
		66854C89245443F600859FC7 /* Debug */ = {
			isa = XCBuildConfiguration;
			baseConfigurationReference = 0788DF6928A5F8D5B02E9BDD /* Pods-desafio-ios-ruy-neto.debug.xcconfig */;
			buildSettings = {
				ASSETCATALOG_COMPILER_APPICON_NAME = AppIcon;
				CODE_SIGN_STYLE = Automatic;
				DEVELOPMENT_TEAM = 33345PGYAZ;
				INFOPLIST_FILE = "desafio-ios-ruy-neto/Info.plist";
				LD_RUNPATH_SEARCH_PATHS = (
					"$(inherited)",
					"@executable_path/Frameworks",
				);
				PRODUCT_BUNDLE_IDENTIFIER = "com.ruyneto.desafio-ios-ruy-neto";
				PRODUCT_NAME = "$(TARGET_NAME)";
				SWIFT_VERSION = 5.0;
				TARGETED_DEVICE_FAMILY = "1,2";
			};
			name = Debug;
		};
		66854C8A245443F600859FC7 /* Release */ = {
			isa = XCBuildConfiguration;
			baseConfigurationReference = A721FB022CFEFF1EA92BFD52 /* Pods-desafio-ios-ruy-neto.release.xcconfig */;
			buildSettings = {
				ASSETCATALOG_COMPILER_APPICON_NAME = AppIcon;
				CODE_SIGN_STYLE = Automatic;
				DEVELOPMENT_TEAM = 33345PGYAZ;
				INFOPLIST_FILE = "desafio-ios-ruy-neto/Info.plist";
				LD_RUNPATH_SEARCH_PATHS = (
					"$(inherited)",
					"@executable_path/Frameworks",
				);
				PRODUCT_BUNDLE_IDENTIFIER = "com.ruyneto.desafio-ios-ruy-neto";
				PRODUCT_NAME = "$(TARGET_NAME)";
				SWIFT_VERSION = 5.0;
				TARGETED_DEVICE_FAMILY = "1,2";
			};
			name = Release;
		};
		66854C8C245443F600859FC7 /* Debug */ = {
			isa = XCBuildConfiguration;
			baseConfigurationReference = C0DA51E5857E986029824603 /* Pods-desafio-ios-ruy-netoTests.debug.xcconfig */;
			buildSettings = {
				ALWAYS_EMBED_SWIFT_STANDARD_LIBRARIES = YES;
				BUNDLE_LOADER = "$(TEST_HOST)";
				CODE_SIGN_STYLE = Automatic;
				DEVELOPMENT_TEAM = 33345PGYAZ;
				INFOPLIST_FILE = "desafio-ios-ruy-netoTests/Info.plist";
				IPHONEOS_DEPLOYMENT_TARGET = 13.2;
				LD_RUNPATH_SEARCH_PATHS = (
					"$(inherited)",
					"@executable_path/Frameworks",
					"@loader_path/Frameworks",
				);
				PRODUCT_BUNDLE_IDENTIFIER = "com.ruyneto.desafio-ios-ruy-netoTests";
				PRODUCT_NAME = "$(TARGET_NAME)";
				SWIFT_VERSION = 5.0;
				TARGETED_DEVICE_FAMILY = "1,2";
				TEST_HOST = "$(BUILT_PRODUCTS_DIR)/desafio-ios-ruy-neto.app/desafio-ios-ruy-neto";
			};
			name = Debug;
		};
		66854C8D245443F600859FC7 /* Release */ = {
			isa = XCBuildConfiguration;
			baseConfigurationReference = 74B97D7C7ABC9145370BB13E /* Pods-desafio-ios-ruy-netoTests.release.xcconfig */;
			buildSettings = {
				ALWAYS_EMBED_SWIFT_STANDARD_LIBRARIES = YES;
				BUNDLE_LOADER = "$(TEST_HOST)";
				CODE_SIGN_STYLE = Automatic;
				DEVELOPMENT_TEAM = 33345PGYAZ;
				INFOPLIST_FILE = "desafio-ios-ruy-netoTests/Info.plist";
				IPHONEOS_DEPLOYMENT_TARGET = 13.2;
				LD_RUNPATH_SEARCH_PATHS = (
					"$(inherited)",
					"@executable_path/Frameworks",
					"@loader_path/Frameworks",
				);
				PRODUCT_BUNDLE_IDENTIFIER = "com.ruyneto.desafio-ios-ruy-netoTests";
				PRODUCT_NAME = "$(TARGET_NAME)";
				SWIFT_VERSION = 5.0;
				TARGETED_DEVICE_FAMILY = "1,2";
				TEST_HOST = "$(BUILT_PRODUCTS_DIR)/desafio-ios-ruy-neto.app/desafio-ios-ruy-neto";
			};
			name = Release;
		};
		66854C8F245443F600859FC7 /* Debug */ = {
			isa = XCBuildConfiguration;
			baseConfigurationReference = D880185B746FBEB9AF6BE8CE /* Pods-desafio-ios-ruy-netoUITests.debug.xcconfig */;
			buildSettings = {
				ALWAYS_EMBED_SWIFT_STANDARD_LIBRARIES = YES;
				CODE_SIGN_STYLE = Automatic;
				DEVELOPMENT_TEAM = 33345PGYAZ;
				INFOPLIST_FILE = "desafio-ios-ruy-netoUITests/Info.plist";
				LD_RUNPATH_SEARCH_PATHS = (
					"$(inherited)",
					"@executable_path/Frameworks",
					"@loader_path/Frameworks",
				);
				PRODUCT_BUNDLE_IDENTIFIER = "com.ruyneto.desafio-ios-ruy-netoUITests";
				PRODUCT_NAME = "$(TARGET_NAME)";
				SWIFT_VERSION = 5.0;
				TARGETED_DEVICE_FAMILY = "1,2";
				TEST_TARGET_NAME = "desafio-ios-ruy-neto";
			};
			name = Debug;
		};
		66854C90245443F600859FC7 /* Release */ = {
			isa = XCBuildConfiguration;
			baseConfigurationReference = 457B734B349C0BF7AEB450E0 /* Pods-desafio-ios-ruy-netoUITests.release.xcconfig */;
			buildSettings = {
				ALWAYS_EMBED_SWIFT_STANDARD_LIBRARIES = YES;
				CODE_SIGN_STYLE = Automatic;
				DEVELOPMENT_TEAM = 33345PGYAZ;
				INFOPLIST_FILE = "desafio-ios-ruy-netoUITests/Info.plist";
				LD_RUNPATH_SEARCH_PATHS = (
					"$(inherited)",
					"@executable_path/Frameworks",
					"@loader_path/Frameworks",
				);
				PRODUCT_BUNDLE_IDENTIFIER = "com.ruyneto.desafio-ios-ruy-netoUITests";
				PRODUCT_NAME = "$(TARGET_NAME)";
				SWIFT_VERSION = 5.0;
				TARGETED_DEVICE_FAMILY = "1,2";
				TEST_TARGET_NAME = "desafio-ios-ruy-neto";
			};
			name = Release;
		};
/* End XCBuildConfiguration section */

/* Begin XCConfigurationList section */
		66854C59245443F400859FC7 /* Build configuration list for PBXProject "desafio-ios-ruy-neto" */ = {
			isa = XCConfigurationList;
			buildConfigurations = (
				66854C86245443F600859FC7 /* Debug */,
				66854C87245443F600859FC7 /* Release */,
			);
			defaultConfigurationIsVisible = 0;
			defaultConfigurationName = Release;
		};
		66854C88245443F600859FC7 /* Build configuration list for PBXNativeTarget "desafio-ios-ruy-neto" */ = {
			isa = XCConfigurationList;
			buildConfigurations = (
				66854C89245443F600859FC7 /* Debug */,
				66854C8A245443F600859FC7 /* Release */,
			);
			defaultConfigurationIsVisible = 0;
			defaultConfigurationName = Release;
		};
		66854C8B245443F600859FC7 /* Build configuration list for PBXNativeTarget "desafio-ios-ruy-netoTests" */ = {
			isa = XCConfigurationList;
			buildConfigurations = (
				66854C8C245443F600859FC7 /* Debug */,
				66854C8D245443F600859FC7 /* Release */,
			);
			defaultConfigurationIsVisible = 0;
			defaultConfigurationName = Release;
		};
		66854C8E245443F600859FC7 /* Build configuration list for PBXNativeTarget "desafio-ios-ruy-netoUITests" */ = {
			isa = XCConfigurationList;
			buildConfigurations = (
				66854C8F245443F600859FC7 /* Debug */,
				66854C90245443F600859FC7 /* Release */,
			);
			defaultConfigurationIsVisible = 0;
			defaultConfigurationName = Release;
		};
/* End XCConfigurationList section */
	};
	rootObject = 66854C56245443F400859FC7 /* Project object */;
}
