// !$*UTF8*$!
{
	archiveVersion = 1;
	classes = {
	};
	objectVersion = 50;
	objects = {

/* Begin PBXBuildFile section */
		66854C62245443F400859FC7 /* AppDelegate.swift in Sources */ = {isa = PBXBuildFile; fileRef = 66854C61245443F400859FC7 /* AppDelegate.swift */; };
		66854C64245443F400859FC7 /* SceneDelegate.swift in Sources */ = {isa = PBXBuildFile; fileRef = 66854C63245443F400859FC7 /* SceneDelegate.swift */; };
		66854C66245443F400859FC7 /* ViewController.swift in Sources */ = {isa = PBXBuildFile; fileRef = 66854C65245443F400859FC7 /* ViewController.swift */; };
		66854C69245443F400859FC7 /* Main.storyboard in Resources */ = {isa = PBXBuildFile; fileRef = 66854C67245443F400859FC7 /* Main.storyboard */; };
		66854C6B245443F600859FC7 /* Assets.xcassets in Resources */ = {isa = PBXBuildFile; fileRef = 66854C6A245443F600859FC7 /* Assets.xcassets */; };
		66854C6E245443F600859FC7 /* LaunchScreen.storyboard in Resources */ = {isa = PBXBuildFile; fileRef = 66854C6C245443F600859FC7 /* LaunchScreen.storyboard */; };
		66854C79245443F600859FC7 /* desafio_ios_ruy_netoTests.swift in Sources */ = {isa = PBXBuildFile; fileRef = 66854C78245443F600859FC7 /* desafio_ios_ruy_netoTests.swift */; };
		66854C84245443F600859FC7 /* desafio_ios_ruy_netoUITests.swift in Sources */ = {isa = PBXBuildFile; fileRef = 66854C83245443F600859FC7 /* desafio_ios_ruy_netoUITests.swift */; };
/* End PBXBuildFile section */

/* Begin PBXContainerItemProxy section */
		66854C75245443F600859FC7 /* PBXContainerItemProxy */ = {
			isa = PBXContainerItemProxy;
			containerPortal = 66854C56245443F400859FC7 /* Project object */;
			proxyType = 1;
			remoteGlobalIDString = 66854C5D245443F400859FC7;
			remoteInfo = "desafio-ios-ruy-neto";
		};
		66854C80245443F600859FC7 /* PBXContainerItemProxy */ = {
			isa = PBXContainerItemProxy;
			containerPortal = 66854C56245443F400859FC7 /* Project object */;
			proxyType = 1;
			remoteGlobalIDString = 66854C5D245443F400859FC7;
			remoteInfo = "desafio-ios-ruy-neto";
		};
/* End PBXContainerItemProxy section */

/* Begin PBXFileReference section */
		66854C5E245443F400859FC7 /* desafio-ios-ruy-neto.app */ = {isa = PBXFileReference; explicitFileType = wrapper.application; includeInIndex = 0; path = "desafio-ios-ruy-neto.app"; sourceTree = BUILT_PRODUCTS_DIR; };
		66854C61245443F400859FC7 /* AppDelegate.swift */ = {isa = PBXFileReference; lastKnownFileType = sourcecode.swift; path = AppDelegate.swift; sourceTree = "<group>"; };
		66854C63245443F400859FC7 /* SceneDelegate.swift */ = {isa = PBXFileReference; lastKnownFileType = sourcecode.swift; path = SceneDelegate.swift; sourceTree = "<group>"; };
		66854C65245443F400859FC7 /* ViewController.swift */ = {isa = PBXFileReference; lastKnownFileType = sourcecode.swift; path = ViewController.swift; sourceTree = "<group>"; };
		66854C68245443F400859FC7 /* Base */ = {isa = PBXFileReference; lastKnownFileType = file.storyboard; name = Base; path = Base.lproj/Main.storyboard; sourceTree = "<group>"; };
		66854C6A245443F600859FC7 /* Assets.xcassets */ = {isa = PBXFileReference; lastKnownFileType = folder.assetcatalog; path = Assets.xcassets; sourceTree = "<group>"; };
		66854C6D245443F600859FC7 /* Base */ = {isa = PBXFileReference; lastKnownFileType = file.storyboard; name = Base; path = Base.lproj/LaunchScreen.storyboard; sourceTree = "<group>"; };
		66854C6F245443F600859FC7 /* Info.plist */ = {isa = PBXFileReference; lastKnownFileType = text.plist.xml; path = Info.plist; sourceTree = "<group>"; };
		66854C74245443F600859FC7 /* desafio-ios-ruy-netoTests.xctest */ = {isa = PBXFileReference; explicitFileType = wrapper.cfbundle; includeInIndex = 0; path = "desafio-ios-ruy-netoTests.xctest"; sourceTree = BUILT_PRODUCTS_DIR; };
		66854C78245443F600859FC7 /* desafio_ios_ruy_netoTests.swift */ = {isa = PBXFileReference; lastKnownFileType = sourcecode.swift; path = desafio_ios_ruy_netoTests.swift; sourceTree = "<group>"; };
		66854C7A245443F600859FC7 /* Info.plist */ = {isa = PBXFileReference; lastKnownFileType = text.plist.xml; path = Info.plist; sourceTree = "<group>"; };
		66854C7F245443F600859FC7 /* desafio-ios-ruy-netoUITests.xctest */ = {isa = PBXFileReference; explicitFileType = wrapper.cfbundle; includeInIndex = 0; path = "desafio-ios-ruy-netoUITests.xctest"; sourceTree = BUILT_PRODUCTS_DIR; };
		66854C83245443F600859FC7 /* desafio_ios_ruy_netoUITests.swift */ = {isa = PBXFileReference; lastKnownFileType = sourcecode.swift; path = desafio_ios_ruy_netoUITests.swift; sourceTree = "<group>"; };
		66854C85245443F600859FC7 /* Info.plist */ = {isa = PBXFileReference; lastKnownFileType = text.plist.xml; path = Info.plist; sourceTree = "<group>"; };
/* End PBXFileReference section */

/* Begin PBXFrameworksBuildPhase section */
		66854C5B245443F400859FC7 /* Frameworks */ = {
			isa = PBXFrameworksBuildPhase;
			buildActionMask = 2147483647;
			files = (
			);
			runOnlyForDeploymentPostprocessing = 0;
		};
		66854C71245443F600859FC7 /* Frameworks */ = {
			isa = PBXFrameworksBuildPhase;
			buildActionMask = 2147483647;
			files = (
			);
			runOnlyForDeploymentPostprocessing = 0;
		};
		66854C7C245443F600859FC7 /* Frameworks */ = {
			isa = PBXFrameworksBuildPhase;
			buildActionMask = 2147483647;
			files = (
			);
			runOnlyForDeploymentPostprocessing = 0;
		};
/* End PBXFrameworksBuildPhase section */

/* Begin PBXGroup section */
		66854C55245443F400859FC7 = {
			isa = PBXGroup;
			children = (
				66854C60245443F400859FC7 /* desafio-ios-ruy-neto */,
				66854C77245443F600859FC7 /* desafio-ios-ruy-netoTests */,
				66854C82245443F600859FC7 /* desafio-ios-ruy-netoUITests */,
				66854C5F245443F400859FC7 /* Products */,
			);
			sourceTree = "<group>";
		};
		66854C5F245443F400859FC7 /* Products */ = {
			isa = PBXGroup;
			children = (
				66854C5E245443F400859FC7 /* desafio-ios-ruy-neto.app */,
				66854C74245443F600859FC7 /* desafio-ios-ruy-netoTests.xctest */,
				66854C7F245443F600859FC7 /* desafio-ios-ruy-netoUITests.xctest */,
			);
			name = Products;
			sourceTree = "<group>";
		};
		66854C60245443F400859FC7 /* desafio-ios-ruy-neto */ = {
			isa = PBXGroup;
			children = (
				66854C61245443F400859FC7 /* AppDelegate.swift */,
				66854C63245443F400859FC7 /* SceneDelegate.swift */,
				66854C65245443F400859FC7 /* ViewController.swift */,
				66854C67245443F400859FC7 /* Main.storyboard */,
				66854C6A245443F600859FC7 /* Assets.xcassets */,
				66854C6C245443F600859FC7 /* LaunchScreen.storyboard */,
				66854C6F245443F600859FC7 /* Info.plist */,
			);
			path = "desafio-ios-ruy-neto";
			sourceTree = "<group>";
		};
		66854C77245443F600859FC7 /* desafio-ios-ruy-netoTests */ = {
			isa = PBXGroup;
			children = (
				66854C78245443F600859FC7 /* desafio_ios_ruy_netoTests.swift */,
				66854C7A245443F600859FC7 /* Info.plist */,
			);
			path = "desafio-ios-ruy-netoTests";
			sourceTree = "<group>";
		};
		66854C82245443F600859FC7 /* desafio-ios-ruy-netoUITests */ = {
			isa = PBXGroup;
			children = (
				66854C83245443F600859FC7 /* desafio_ios_ruy_netoUITests.swift */,
				66854C85245443F600859FC7 /* Info.plist */,
			);
			path = "desafio-ios-ruy-netoUITests";
			sourceTree = "<group>";
		};
/* End PBXGroup section */

/* Begin PBXNativeTarget section */
		66854C5D245443F400859FC7 /* desafio-ios-ruy-neto */ = {
			isa = PBXNativeTarget;
			buildConfigurationList = 66854C88245443F600859FC7 /* Build configuration list for PBXNativeTarget "desafio-ios-ruy-neto" */;
			buildPhases = (
				66854C5A245443F400859FC7 /* Sources */,
				66854C5B245443F400859FC7 /* Frameworks */,
				66854C5C245443F400859FC7 /* Resources */,
			);
			buildRules = (
			);
			dependencies = (
			);
			name = "desafio-ios-ruy-neto";
			productName = "desafio-ios-ruy-neto";
			productReference = 66854C5E245443F400859FC7 /* desafio-ios-ruy-neto.app */;
			productType = "com.apple.product-type.application";
		};
		66854C73245443F600859FC7 /* desafio-ios-ruy-netoTests */ = {
			isa = PBXNativeTarget;
			buildConfigurationList = 66854C8B245443F600859FC7 /* Build configuration list for PBXNativeTarget "desafio-ios-ruy-netoTests" */;
			buildPhases = (
				66854C70245443F600859FC7 /* Sources */,
				66854C71245443F600859FC7 /* Frameworks */,
				66854C72245443F600859FC7 /* Resources */,
			);
			buildRules = (
			);
			dependencies = (
				66854C76245443F600859FC7 /* PBXTargetDependency */,
			);
			name = "desafio-ios-ruy-netoTests";
			productName = "desafio-ios-ruy-netoTests";
			productReference = 66854C74245443F600859FC7 /* desafio-ios-ruy-netoTests.xctest */;
			productType = "com.apple.product-type.bundle.unit-test";
		};
		66854C7E245443F600859FC7 /* desafio-ios-ruy-netoUITests */ = {
			isa = PBXNativeTarget;
			buildConfigurationList = 66854C8E245443F600859FC7 /* Build configuration list for PBXNativeTarget "desafio-ios-ruy-netoUITests" */;
			buildPhases = (
				66854C7B245443F600859FC7 /* Sources */,
				66854C7C245443F600859FC7 /* Frameworks */,
				66854C7D245443F600859FC7 /* Resources */,
			);
			buildRules = (
			);
			dependencies = (
				66854C81245443F600859FC7 /* PBXTargetDependency */,
			);
			name = "desafio-ios-ruy-netoUITests";
			productName = "desafio-ios-ruy-netoUITests";
			productReference = 66854C7F245443F600859FC7 /* desafio-ios-ruy-netoUITests.xctest */;
			productType = "com.apple.product-type.bundle.ui-testing";
		};
/* End PBXNativeTarget section */

/* Begin PBXProject section */
		66854C56245443F400859FC7 /* Project object */ = {
			isa = PBXProject;
			attributes = {
				LastSwiftUpdateCheck = 1130;
				LastUpgradeCheck = 1130;
				ORGANIZATIONNAME = "Ruy Neto";
				TargetAttributes = {
					66854C5D245443F400859FC7 = {
						CreatedOnToolsVersion = 11.3.1;
					};
					66854C73245443F600859FC7 = {
						CreatedOnToolsVersion = 11.3.1;
						TestTargetID = 66854C5D245443F400859FC7;
					};
					66854C7E245443F600859FC7 = {
						CreatedOnToolsVersion = 11.3.1;
						TestTargetID = 66854C5D245443F400859FC7;
					};
				};
			};
			buildConfigurationList = 66854C59245443F400859FC7 /* Build configuration list for PBXProject "desafio-ios-ruy-neto" */;
			compatibilityVersion = "Xcode 9.3";
			developmentRegion = en;
			hasScannedForEncodings = 0;
			knownRegions = (
				en,
				Base,
			);
			mainGroup = 66854C55245443F400859FC7;
			productRefGroup = 66854C5F245443F400859FC7 /* Products */;
			projectDirPath = "";
			projectRoot = "";
			targets = (
				66854C5D245443F400859FC7 /* desafio-ios-ruy-neto */,
				66854C73245443F600859FC7 /* desafio-ios-ruy-netoTests */,
				66854C7E245443F600859FC7 /* desafio-ios-ruy-netoUITests */,
			);
		};
/* End PBXProject section */

/* Begin PBXResourcesBuildPhase section */
		66854C5C245443F400859FC7 /* Resources */ = {
			isa = PBXResourcesBuildPhase;
			buildActionMask = 2147483647;
			files = (
				66854C6E245443F600859FC7 /* LaunchScreen.storyboard in Resources */,
				66854C6B245443F600859FC7 /* Assets.xcassets in Resources */,
				66854C69245443F400859FC7 /* Main.storyboard in Resources */,
			);
			runOnlyForDeploymentPostprocessing = 0;
		};
		66854C72245443F600859FC7 /* Resources */ = {
			isa = PBXResourcesBuildPhase;
			buildActionMask = 2147483647;
			files = (
			);
			runOnlyForDeploymentPostprocessing = 0;
		};
		66854C7D245443F600859FC7 /* Resources */ = {
			isa = PBXResourcesBuildPhase;
			buildActionMask = 2147483647;
			files = (
			);
			runOnlyForDeploymentPostprocessing = 0;
		};
/* End PBXResourcesBuildPhase section */

/* Begin PBXSourcesBuildPhase section */
		66854C5A245443F400859FC7 /* Sources */ = {
			isa = PBXSourcesBuildPhase;
			buildActionMask = 2147483647;
			files = (
				66854C66245443F400859FC7 /* ViewController.swift in Sources */,
				66854C62245443F400859FC7 /* AppDelegate.swift in Sources */,
				66854C64245443F400859FC7 /* SceneDelegate.swift in Sources */,
			);
			runOnlyForDeploymentPostprocessing = 0;
		};
		66854C70245443F600859FC7 /* Sources */ = {
			isa = PBXSourcesBuildPhase;
			buildActionMask = 2147483647;
			files = (
				66854C79245443F600859FC7 /* desafio_ios_ruy_netoTests.swift in Sources */,
			);
			runOnlyForDeploymentPostprocessing = 0;
		};
		66854C7B245443F600859FC7 /* Sources */ = {
			isa = PBXSourcesBuildPhase;
			buildActionMask = 2147483647;
			files = (
				66854C84245443F600859FC7 /* desafio_ios_ruy_netoUITests.swift in Sources */,
			);
			runOnlyForDeploymentPostprocessing = 0;
		};
/* End PBXSourcesBuildPhase section */

/* Begin PBXTargetDependency section */
		66854C76245443F600859FC7 /* PBXTargetDependency */ = {
			isa = PBXTargetDependency;
			target = 66854C5D245443F400859FC7 /* desafio-ios-ruy-neto */;
			targetProxy = 66854C75245443F600859FC7 /* PBXContainerItemProxy */;
		};
		66854C81245443F600859FC7 /* PBXTargetDependency */ = {
			isa = PBXTargetDependency;
			target = 66854C5D245443F400859FC7 /* desafio-ios-ruy-neto */;
			targetProxy = 66854C80245443F600859FC7 /* PBXContainerItemProxy */;
		};
/* End PBXTargetDependency section */

/* Begin PBXVariantGroup section */
		66854C67245443F400859FC7 /* Main.storyboard */ = {
			isa = PBXVariantGroup;
			children = (
				66854C68245443F400859FC7 /* Base */,
			);
			name = Main.storyboard;
			sourceTree = "<group>";
		};
		66854C6C245443F600859FC7 /* LaunchScreen.storyboard */ = {
			isa = PBXVariantGroup;
			children = (
				66854C6D245443F600859FC7 /* Base */,
			);
			name = LaunchScreen.storyboard;
			sourceTree = "<group>";
		};
/* End PBXVariantGroup section */

/* Begin XCBuildConfiguration section */
		66854C86245443F600859FC7 /* Debug */ = {
			isa = XCBuildConfiguration;
			buildSettings = {
				ALWAYS_SEARCH_USER_PATHS = NO;
				CLANG_ANALYZER_NONNULL = YES;
				CLANG_ANALYZER_NUMBER_OBJECT_CONVERSION = YES_AGGRESSIVE;
				CLANG_CXX_LANGUAGE_STANDARD = "gnu++14";
				CLANG_CXX_LIBRARY = "libc++";
				CLANG_ENABLE_MODULES = YES;
				CLANG_ENABLE_OBJC_ARC = YES;
				CLANG_ENABLE_OBJC_WEAK = YES;
				CLANG_WARN_BLOCK_CAPTURE_AUTORELEASING = YES;
				CLANG_WARN_BOOL_CONVERSION = YES;
				CLANG_WARN_COMMA = YES;
				CLANG_WARN_CONSTANT_CONVERSION = YES;
				CLANG_WARN_DEPRECATED_OBJC_IMPLEMENTATIONS = YES;
				CLANG_WARN_DIRECT_OBJC_ISA_USAGE = YES_ERROR;
				CLANG_WARN_DOCUMENTATION_COMMENTS = YES;
				CLANG_WARN_EMPTY_BODY = YES;
				CLANG_WARN_ENUM_CONVERSION = YES;
				CLANG_WARN_INFINITE_RECURSION = YES;
				CLANG_WARN_INT_CONVERSION = YES;
				CLANG_WARN_NON_LITERAL_NULL_CONVERSION = YES;
				CLANG_WARN_OBJC_IMPLICIT_RETAIN_SELF = YES;
				CLANG_WARN_OBJC_LITERAL_CONVERSION = YES;
				CLANG_WARN_OBJC_ROOT_CLASS = YES_ERROR;
				CLANG_WARN_RANGE_LOOP_ANALYSIS = YES;
				CLANG_WARN_STRICT_PROTOTYPES = YES;
				CLANG_WARN_SUSPICIOUS_MOVE = YES;
				CLANG_WARN_UNGUARDED_AVAILABILITY = YES_AGGRESSIVE;
				CLANG_WARN_UNREACHABLE_CODE = YES;
				CLANG_WARN__DUPLICATE_METHOD_MATCH = YES;
				COPY_PHASE_STRIP = NO;
				DEBUG_INFORMATION_FORMAT = dwarf;
				ENABLE_STRICT_OBJC_MSGSEND = YES;
				ENABLE_TESTABILITY = YES;
				GCC_C_LANGUAGE_STANDARD = gnu11;
				GCC_DYNAMIC_NO_PIC = NO;
				GCC_NO_COMMON_BLOCKS = YES;
				GCC_OPTIMIZATION_LEVEL = 0;
				GCC_PREPROCESSOR_DEFINITIONS = (
					"DEBUG=1",
					"$(inherited)",
				);
				GCC_WARN_64_TO_32_BIT_CONVERSION = YES;
				GCC_WARN_ABOUT_RETURN_TYPE = YES_ERROR;
				GCC_WARN_UNDECLARED_SELECTOR = YES;
				GCC_WARN_UNINITIALIZED_AUTOS = YES_AGGRESSIVE;
				GCC_WARN_UNUSED_FUNCTION = YES;
				GCC_WARN_UNUSED_VARIABLE = YES;
				IPHONEOS_DEPLOYMENT_TARGET = 13.2;
				MTL_ENABLE_DEBUG_INFO = INCLUDE_SOURCE;
				MTL_FAST_MATH = YES;
				ONLY_ACTIVE_ARCH = YES;
				SDKROOT = iphoneos;
				SWIFT_ACTIVE_COMPILATION_CONDITIONS = DEBUG;
				SWIFT_OPTIMIZATION_LEVEL = "-Onone";
			};
			name = Debug;
		};
		66854C87245443F600859FC7 /* Release */ = {
			isa = XCBuildConfiguration;
			buildSettings = {
				ALWAYS_SEARCH_USER_PATHS = NO;
				CLANG_ANALYZER_NONNULL = YES;
				CLANG_ANALYZER_NUMBER_OBJECT_CONVERSION = YES_AGGRESSIVE;
				CLANG_CXX_LANGUAGE_STANDARD = "gnu++14";
				CLANG_CXX_LIBRARY = "libc++";
				CLANG_ENABLE_MODULES = YES;
				CLANG_ENABLE_OBJC_ARC = YES;
				CLANG_ENABLE_OBJC_WEAK = YES;
				CLANG_WARN_BLOCK_CAPTURE_AUTORELEASING = YES;
				CLANG_WARN_BOOL_CONVERSION = YES;
				CLANG_WARN_COMMA = YES;
				CLANG_WARN_CONSTANT_CONVERSION = YES;
				CLANG_WARN_DEPRECATED_OBJC_IMPLEMENTATIONS = YES;
				CLANG_WARN_DIRECT_OBJC_ISA_USAGE = YES_ERROR;
				CLANG_WARN_DOCUMENTATION_COMMENTS = YES;
				CLANG_WARN_EMPTY_BODY = YES;
				CLANG_WARN_ENUM_CONVERSION = YES;
				CLANG_WARN_INFINITE_RECURSION = YES;
				CLANG_WARN_INT_CONVERSION = YES;
				CLANG_WARN_NON_LITERAL_NULL_CONVERSION = YES;
				CLANG_WARN_OBJC_IMPLICIT_RETAIN_SELF = YES;
				CLANG_WARN_OBJC_LITERAL_CONVERSION = YES;
				CLANG_WARN_OBJC_ROOT_CLASS = YES_ERROR;
				CLANG_WARN_RANGE_LOOP_ANALYSIS = YES;
				CLANG_WARN_STRICT_PROTOTYPES = YES;
				CLANG_WARN_SUSPICIOUS_MOVE = YES;
				CLANG_WARN_UNGUARDED_AVAILABILITY = YES_AGGRESSIVE;
				CLANG_WARN_UNREACHABLE_CODE = YES;
				CLANG_WARN__DUPLICATE_METHOD_MATCH = YES;
				COPY_PHASE_STRIP = NO;
				DEBUG_INFORMATION_FORMAT = "dwarf-with-dsym";
				ENABLE_NS_ASSERTIONS = NO;
				ENABLE_STRICT_OBJC_MSGSEND = YES;
				GCC_C_LANGUAGE_STANDARD = gnu11;
				GCC_NO_COMMON_BLOCKS = YES;
				GCC_WARN_64_TO_32_BIT_CONVERSION = YES;
				GCC_WARN_ABOUT_RETURN_TYPE = YES_ERROR;
				GCC_WARN_UNDECLARED_SELECTOR = YES;
				GCC_WARN_UNINITIALIZED_AUTOS = YES_AGGRESSIVE;
				GCC_WARN_UNUSED_FUNCTION = YES;
				GCC_WARN_UNUSED_VARIABLE = YES;
				IPHONEOS_DEPLOYMENT_TARGET = 13.2;
				MTL_ENABLE_DEBUG_INFO = NO;
				MTL_FAST_MATH = YES;
				SDKROOT = iphoneos;
				SWIFT_COMPILATION_MODE = wholemodule;
				SWIFT_OPTIMIZATION_LEVEL = "-O";
				VALIDATE_PRODUCT = YES;
			};
			name = Release;
		};
		66854C89245443F600859FC7 /* Debug */ = {
			isa = XCBuildConfiguration;
			buildSettings = {
				ASSETCATALOG_COMPILER_APPICON_NAME = AppIcon;
				CODE_SIGN_STYLE = Automatic;
				DEVELOPMENT_TEAM = 33345PGYAZ;
				INFOPLIST_FILE = "desafio-ios-ruy-neto/Info.plist";
				LD_RUNPATH_SEARCH_PATHS = (
					"$(inherited)",
					"@executable_path/Frameworks",
				);
				PRODUCT_BUNDLE_IDENTIFIER = "com.ruyneto.desafio-ios-ruy-neto";
				PRODUCT_NAME = "$(TARGET_NAME)";
				SWIFT_VERSION = 5.0;
				TARGETED_DEVICE_FAMILY = "1,2";
			};
			name = Debug;
		};
		66854C8A245443F600859FC7 /* Release */ = {
			isa = XCBuildConfiguration;
			buildSettings = {
				ASSETCATALOG_COMPILER_APPICON_NAME = AppIcon;
				CODE_SIGN_STYLE = Automatic;
				DEVELOPMENT_TEAM = 33345PGYAZ;
				INFOPLIST_FILE = "desafio-ios-ruy-neto/Info.plist";
				LD_RUNPATH_SEARCH_PATHS = (
					"$(inherited)",
					"@executable_path/Frameworks",
				);
				PRODUCT_BUNDLE_IDENTIFIER = "com.ruyneto.desafio-ios-ruy-neto";
				PRODUCT_NAME = "$(TARGET_NAME)";
				SWIFT_VERSION = 5.0;
				TARGETED_DEVICE_FAMILY = "1,2";
			};
			name = Release;
		};
		66854C8C245443F600859FC7 /* Debug */ = {
			isa = XCBuildConfiguration;
			buildSettings = {
				ALWAYS_EMBED_SWIFT_STANDARD_LIBRARIES = YES;
				BUNDLE_LOADER = "$(TEST_HOST)";
				CODE_SIGN_STYLE = Automatic;
				DEVELOPMENT_TEAM = 33345PGYAZ;
				INFOPLIST_FILE = "desafio-ios-ruy-netoTests/Info.plist";
				IPHONEOS_DEPLOYMENT_TARGET = 13.2;
				LD_RUNPATH_SEARCH_PATHS = (
					"$(inherited)",
					"@executable_path/Frameworks",
					"@loader_path/Frameworks",
				);
				PRODUCT_BUNDLE_IDENTIFIER = "com.ruyneto.desafio-ios-ruy-netoTests";
				PRODUCT_NAME = "$(TARGET_NAME)";
				SWIFT_VERSION = 5.0;
				TARGETED_DEVICE_FAMILY = "1,2";
				TEST_HOST = "$(BUILT_PRODUCTS_DIR)/desafio-ios-ruy-neto.app/desafio-ios-ruy-neto";
			};
			name = Debug;
		};
		66854C8D245443F600859FC7 /* Release */ = {
			isa = XCBuildConfiguration;
			buildSettings = {
				ALWAYS_EMBED_SWIFT_STANDARD_LIBRARIES = YES;
				BUNDLE_LOADER = "$(TEST_HOST)";
				CODE_SIGN_STYLE = Automatic;
				DEVELOPMENT_TEAM = 33345PGYAZ;
				INFOPLIST_FILE = "desafio-ios-ruy-netoTests/Info.plist";
				IPHONEOS_DEPLOYMENT_TARGET = 13.2;
				LD_RUNPATH_SEARCH_PATHS = (
					"$(inherited)",
					"@executable_path/Frameworks",
					"@loader_path/Frameworks",
				);
				PRODUCT_BUNDLE_IDENTIFIER = "com.ruyneto.desafio-ios-ruy-netoTests";
				PRODUCT_NAME = "$(TARGET_NAME)";
				SWIFT_VERSION = 5.0;
				TARGETED_DEVICE_FAMILY = "1,2";
				TEST_HOST = "$(BUILT_PRODUCTS_DIR)/desafio-ios-ruy-neto.app/desafio-ios-ruy-neto";
			};
			name = Release;
		};
		66854C8F245443F600859FC7 /* Debug */ = {
			isa = XCBuildConfiguration;
			buildSettings = {
				ALWAYS_EMBED_SWIFT_STANDARD_LIBRARIES = YES;
				CODE_SIGN_STYLE = Automatic;
				DEVELOPMENT_TEAM = 33345PGYAZ;
				INFOPLIST_FILE = "desafio-ios-ruy-netoUITests/Info.plist";
				LD_RUNPATH_SEARCH_PATHS = (
					"$(inherited)",
					"@executable_path/Frameworks",
					"@loader_path/Frameworks",
				);
				PRODUCT_BUNDLE_IDENTIFIER = "com.ruyneto.desafio-ios-ruy-netoUITests";
				PRODUCT_NAME = "$(TARGET_NAME)";
				SWIFT_VERSION = 5.0;
				TARGETED_DEVICE_FAMILY = "1,2";
				TEST_TARGET_NAME = "desafio-ios-ruy-neto";
			};
			name = Debug;
		};
		66854C90245443F600859FC7 /* Release */ = {
			isa = XCBuildConfiguration;
			buildSettings = {
				ALWAYS_EMBED_SWIFT_STANDARD_LIBRARIES = YES;
				CODE_SIGN_STYLE = Automatic;
				DEVELOPMENT_TEAM = 33345PGYAZ;
				INFOPLIST_FILE = "desafio-ios-ruy-netoUITests/Info.plist";
				LD_RUNPATH_SEARCH_PATHS = (
					"$(inherited)",
					"@executable_path/Frameworks",
					"@loader_path/Frameworks",
				);
				PRODUCT_BUNDLE_IDENTIFIER = "com.ruyneto.desafio-ios-ruy-netoUITests";
				PRODUCT_NAME = "$(TARGET_NAME)";
				SWIFT_VERSION = 5.0;
				TARGETED_DEVICE_FAMILY = "1,2";
				TEST_TARGET_NAME = "desafio-ios-ruy-neto";
			};
			name = Release;
		};
/* End XCBuildConfiguration section */

/* Begin XCConfigurationList section */
		66854C59245443F400859FC7 /* Build configuration list for PBXProject "desafio-ios-ruy-neto" */ = {
			isa = XCConfigurationList;
			buildConfigurations = (
				66854C86245443F600859FC7 /* Debug */,
				66854C87245443F600859FC7 /* Release */,
			);
			defaultConfigurationIsVisible = 0;
			defaultConfigurationName = Release;
		};
		66854C88245443F600859FC7 /* Build configuration list for PBXNativeTarget "desafio-ios-ruy-neto" */ = {
			isa = XCConfigurationList;
			buildConfigurations = (
				66854C89245443F600859FC7 /* Debug */,
				66854C8A245443F600859FC7 /* Release */,
			);
			defaultConfigurationIsVisible = 0;
			defaultConfigurationName = Release;
		};
		66854C8B245443F600859FC7 /* Build configuration list for PBXNativeTarget "desafio-ios-ruy-netoTests" */ = {
			isa = XCConfigurationList;
			buildConfigurations = (
				66854C8C245443F600859FC7 /* Debug */,
				66854C8D245443F600859FC7 /* Release */,
			);
			defaultConfigurationIsVisible = 0;
			defaultConfigurationName = Release;
		};
		66854C8E245443F600859FC7 /* Build configuration list for PBXNativeTarget "desafio-ios-ruy-netoUITests" */ = {
			isa = XCConfigurationList;
			buildConfigurations = (
				66854C8F245443F600859FC7 /* Debug */,
				66854C90245443F600859FC7 /* Release */,
			);
			defaultConfigurationIsVisible = 0;
			defaultConfigurationName = Release;
		};
/* End XCConfigurationList section */
	};
	rootObject = 66854C56245443F400859FC7 /* Project object */;
}
